
Microsoft Visual Studio Solution File, Format Version 12.00
# Visual Studio Version 17
VisualStudioVersion = 17.9.34728.123
MinimumVisualStudioVersion = 10.0.40219.1
Project("{FAE04EC0-301F-11D3-BF4B-00C04F79EFBC}") = "CSharp进阶实践", "CSharp进阶实践\CSharp进阶实践.csproj", "{27F16366-C318-4C67-948E-6D743A4D6B4C}"
EndProject
Global
	GlobalSection(SolutionConfigurationPlatforms) = preSolution
		Debug|Any CPU = Debug|Any CPU
		Release|Any CPU = Release|Any CPU
	EndGlobalSection
	GlobalSection(ProjectConfigurationPlatforms) = postSolution
		{27F16366-C318-4C67-948E-6D743A4D6B4C}.Debug|Any CPU.ActiveCfg = Debug|Any CPU
		{27F16366-C318-4C67-948E-6D743A4D6B4C}.Debug|Any CPU.Build.0 = Debug|Any CPU
		{27F16366-C318-4C67-948E-6D743A4D6B4C}.Release|Any CPU.ActiveCfg = Release|Any CPU
		{27F16366-C318-4C67-948E-6D743A4D6B4C}.Release|Any CPU.Build.0 = Release|Any CPU
	EndGlobalSection
	GlobalSection(SolutionProperties) = preSolution
		HideSolutionNode = FALSE
	EndGlobalSection
	GlobalSection(ExtensibilityGlobals) = postSolution
		SolutionGuid = {6612ADF2-0C46-4DFC-9816-71557609A1DB}
	EndGlobalSection
EndGlobal
